
Microsoft Visual Studio Solution File, Format Version 12.00
# Visual Studio Version 17
VisualStudioVersion = 17.0.32014.148
MinimumVisualStudioVersion = 10.0.40219.1
Project("{FAE04EC0-301F-11D3-BF4B-00C04F79EFBC}") = "WRO.Web", "WRO.Web\WRO.Web.csproj", "{517037B8-9659-4418-B08E-C0014D79151B}"
EndProject
Global
	GlobalSection(SolutionConfigurationPlatforms) = preSolution
		Debug|Any CPU = Debug|Any CPU
		Release|Any CPU = Release|Any CPU
	EndGlobalSection
	GlobalSection(ProjectConfigurationPlatforms) = postSolution
		{517037B8-9659-4418-B08E-C0014D79151B}.Debug|Any CPU.ActiveCfg = Debug|Any CPU
		{517037B8-9659-4418-B08E-C0014D79151B}.Debug|Any CPU.Build.0 = Debug|Any CPU
		{517037B8-9659-4418-B08E-C0014D79151B}.Release|Any CPU.ActiveCfg = Release|Any CPU
		{517037B8-9659-4418-B08E-C0014D79151B}.Release|Any CPU.Build.0 = Release|Any CPU
	EndGlobalSection
	GlobalSection(SolutionProperties) = preSolution
		HideSolutionNode = FALSE
	EndGlobalSection
	GlobalSection(ExtensibilityGlobals) = postSolution
		SolutionGuid = {590EB843-924F-4135-8DB3-270CB7056096}
	EndGlobalSection
EndGlobal
